#
# This file is autogenerated by pip-compile with Python 3.11
# by the following command:
#
#    pip-compile --output-file=requirements.lock --strip-extras requirements.txt
#
aiomysql==0.3.2
    # via -r requirements.txt
annotated-doc==0.0.4
    # via fastapi
annotated-types==0.7.0
    # via pydantic
anyio==4.14.1
    # via
    #   starlette
    #   watchfiles
cffi==2.0.0
    # via cryptography
click==8.4.2
    # via uvicorn
cryptography==49.0.0
    # via -r requirements.txt
fastapi==0.125.0
    # via -r requirements.txt
greenlet==3.5.2
    # via sqlalchemy
h11==0.16.0
    # via uvicorn
httptools==0.8.0
    # via uvicorn
idna==3.18
    # via anyio
pycparser==3.0
    # via cffi
pydantic==2.6.1
    # via
    #   -r requirements.txt
    #   fastapi
    #   pydantic-settings
pydantic-core==2.16.2
    # via pydantic
pydantic-settings==2.2.1
    # via -r requirements.txt
pymysql==1.2.0
    # via aiomysql
python-dotenv==1.0.1
    # via
    #   -r requirements.txt
    #   pydantic-settings
    #   uvicorn
pyyaml==6.0.3
    # via uvicorn
sqlalchemy==2.0.25
    # via -r requirements.txt
starlette==0.50.0
    # via fastapi
typing-extensions==4.15.0
    # via
    #   anyio
    #   fastapi
    #   pydantic
    #   pydantic-core
    #   sqlalchemy
    #   starlette
uvicorn==0.27.1
    # via -r requirements.txt
uvloop==0.22.1
    # via uvicorn
watchfiles==1.2.0
    # via uvicorn
websockets==16.0
    # via uvicorn
